{
  "nodes": {
    "flakeNimbleLib": {
      "inputs": {
        "nixpkgs": [
          "nixpkgs"
        ]
      },
      "locked": {
        "lastModified": 1662018438,
        "narHash": "sha256-QtNtU6+LX3Wokxf0zlFwKTFOcn6TeDjKQZ+DA9OYtvM=",
        "owner": "riinr",
        "repo": "nim-flakes-lib",
        "rev": "b1fe8340736e3a85d25c709ac3dfd82a55c03cbf",
        "type": "github"
      },
      "original": {
        "owner": "riinr",
        "ref": "master",
        "repo": "nim-flakes-lib",
        "type": "github"
      }
    },
    "grp-master": {
      "inputs": {
        "flakeNimbleLib": [
          "flakeNimbleLib"
        ],
        "nixpkgs": [
          "nixpkgs"
        ],
        "src-grp-master": "src-grp-master"
      },
      "locked": {
        "dir": "master",
        "lastModified": 1667322333,
        "narHash": "sha256-O3fiABl6SnDOIjoZJuw5gF2U23iWZFZ2aaV6oj6ldzs=",
        "owner": "nim-nix-pkgs",
        "repo": "grp",
        "rev": "016681723304bda481a4cbb72bc649b62150282a",
        "type": "github"
      },
      "original": {
        "dir": "master",
        "owner": "nim-nix-pkgs",
        "ref": "master",
        "repo": "grp",
        "type": "github"
      }
    },
    "nixpkgs": {
      "locked": {
        "lastModified": 1667199707,
        "narHash": "sha256-I2Js3Y7gUyVSEXPULHlBoRek4Lh85vnevdS6mdvDNLI=",
        "owner": "NixOS",
        "repo": "nixpkgs",
        "rev": "ced197be72099edcfa68ebed8b87af7b04851f45",
        "type": "github"
      },
      "original": {
        "id": "nixpkgs",
        "type": "indirect"
      }
    },
    "root": {
      "inputs": {
        "flakeNimbleLib": "flakeNimbleLib",
        "grp-master": "grp-master",
        "nixpkgs": "nixpkgs"
      }
    },
    "src-grp-master": {
      "flake": false,
      "locked": {
        "lastModified": 1500855845,
        "narHash": "sha256-5qoMXDtGEEY1xoUQabaCKBQINj95Gh3ukER9ahm9hCE=",
        "owner": "achesak",
        "repo": "nim-grp",
        "rev": "58672bd0fa68118f638eb5c222513a32ad443a81",
        "type": "github"
      },
      "original": {
        "owner": "achesak",
        "ref": "refs/heads/master",
        "repo": "nim-grp",
        "type": "github"
      }
    }
  },
  "root": "root",
  "version": 7
}
