{
  "nodes": {
    "flakeNimbleLib": {
      "inputs": {
        "nixpkgs": [
          "nixpkgs"
        ]
      },
      "locked": {
        "lastModified": 1662018438,
        "narHash": "sha256-QtNtU6+LX3Wokxf0zlFwKTFOcn6TeDjKQZ+DA9OYtvM=",
        "owner": "riinr",
        "repo": "nim-flakes-lib",
        "rev": "b1fe8340736e3a85d25c709ac3dfd82a55c03cbf",
        "type": "github"
      },
      "original": {
        "owner": "riinr",
        "ref": "master",
        "repo": "nim-flakes-lib",
        "type": "github"
      }
    },
    "grp-master": {
      "inputs": {
        "flakeNimbleLib": [
          "flakeNimbleLib"
        ],
        "nixpkgs": [
          "nixpkgs"
        ],
        "src-grp-master": "src-grp-master"
      },
      "locked": {
        "dir": "master",
        "lastModified": 1662254519,
        "narHash": "sha256-MQipoGkmSsJIMKNBwu48zB20EDJTW6FKx7mxUHs9WhI=",
        "owner": "nim-nix-pkgs",
        "repo": "grp",
        "rev": "9a3656457a2fc2fb757bfd4629e7135c6a5b4842",
        "type": "github"
      },
      "original": {
        "dir": "master",
        "owner": "nim-nix-pkgs",
        "ref": "master",
        "repo": "grp",
        "type": "github"
      }
    },
    "nixpkgs": {
      "locked": {
        "lastModified": 1667110639,
        "narHash": "sha256-4FbPESZ5LbqQxkJJJBAfk/zKgF9h/4kyUwjjpJwYlbc=",
        "owner": "NixOS",
        "repo": "nixpkgs",
        "rev": "f38a1f04d1bec1feb61fd101a0539ae2002a7087",
        "type": "github"
      },
      "original": {
        "id": "nixpkgs",
        "type": "indirect"
      }
    },
    "root": {
      "inputs": {
        "flakeNimbleLib": "flakeNimbleLib",
        "grp-master": "grp-master",
        "nixpkgs": "nixpkgs"
      }
    },
    "src-grp-master": {
      "flake": false,
      "locked": {
        "lastModified": 1500855845,
        "narHash": "sha256-5qoMXDtGEEY1xoUQabaCKBQINj95Gh3ukER9ahm9hCE=",
        "owner": "achesak",
        "repo": "nim-grp",
        "rev": "58672bd0fa68118f638eb5c222513a32ad443a81",
        "type": "github"
      },
      "original": {
        "owner": "achesak",
        "ref": "refs/heads/master",
        "repo": "nim-grp",
        "type": "github"
      }
    }
  },
  "root": "root",
  "version": 7
}
